
Microsoft Visual Studio Solution File, Format Version 12.00
# Visual Studio Version 17
VisualStudioVersion = 17.11.35327.3
MinimumVisualStudioVersion = 10.0.40219.1
Project("{9A19103F-16F7-4668-BE54-9A1E7A4F7556}") = "Domain", "Domain\Domain.csproj", "{612F4363-7290-452A-8276-2B52A170F23B}"
EndProject
Project("{FAE04EC0-301F-11D3-BF4B-00C04F79EFBC}") = "Services", "Services\Services.csproj", "{194B73C9-0D5A-45A4-A05F-5B9B6E350B8D}"
EndProject
Project("{FAE04EC0-301F-11D3-BF4B-00C04F79EFBC}") = "Application", "Application\Application.csproj", "{D24C2DCB-C320-4508-AD76-1519444E6288}"
EndProject
Project("{FAE04EC0-301F-11D3-BF4B-00C04F79EFBC}") = "Presentation", "Presentation\Presentation.csproj", "{4405BC02-6450-409B-88E2-3F902610D2F1}"
EndProject
Project("{FAE04EC0-301F-11D3-BF4B-00C04F79EFBC}") = "Test", "Test\Test.csproj", "{3CDB5520-EA93-44A7-8AF3-124E2F27D69E}"
EndProject
Global
	GlobalSection(SolutionConfigurationPlatforms) = preSolution
		Debug|Any CPU = Debug|Any CPU
		Release|Any CPU = Release|Any CPU
	EndGlobalSection
	GlobalSection(ProjectConfigurationPlatforms) = postSolution
		{612F4363-7290-452A-8276-2B52A170F23B}.Debug|Any CPU.ActiveCfg = Debug|Any CPU
		{612F4363-7290-452A-8276-2B52A170F23B}.Debug|Any CPU.Build.0 = Debug|Any CPU
		{612F4363-7290-452A-8276-2B52A170F23B}.Release|Any CPU.ActiveCfg = Release|Any CPU
		{612F4363-7290-452A-8276-2B52A170F23B}.Release|Any CPU.Build.0 = Release|Any CPU
		{194B73C9-0D5A-45A4-A05F-5B9B6E350B8D}.Debug|Any CPU.ActiveCfg = Debug|Any CPU
		{194B73C9-0D5A-45A4-A05F-5B9B6E350B8D}.Debug|Any CPU.Build.0 = Debug|Any CPU
		{194B73C9-0D5A-45A4-A05F-5B9B6E350B8D}.Release|Any CPU.ActiveCfg = Release|Any CPU
		{194B73C9-0D5A-45A4-A05F-5B9B6E350B8D}.Release|Any CPU.Build.0 = Release|Any CPU
		{D24C2DCB-C320-4508-AD76-1519444E6288}.Debug|Any CPU.ActiveCfg = Debug|Any CPU
		{D24C2DCB-C320-4508-AD76-1519444E6288}.Debug|Any CPU.Build.0 = Debug|Any CPU
		{D24C2DCB-C320-4508-AD76-1519444E6288}.Release|Any CPU.ActiveCfg = Release|Any CPU
		{D24C2DCB-C320-4508-AD76-1519444E6288}.Release|Any CPU.Build.0 = Release|Any CPU
		{4405BC02-6450-409B-88E2-3F902610D2F1}.Debug|Any CPU.ActiveCfg = Debug|Any CPU
		{4405BC02-6450-409B-88E2-3F902610D2F1}.Debug|Any CPU.Build.0 = Debug|Any CPU
		{4405BC02-6450-409B-88E2-3F902610D2F1}.Release|Any CPU.ActiveCfg = Release|Any CPU
		{4405BC02-6450-409B-88E2-3F902610D2F1}.Release|Any CPU.Build.0 = Release|Any CPU
		{3CDB5520-EA93-44A7-8AF3-124E2F27D69E}.Debug|Any CPU.ActiveCfg = Debug|Any CPU
		{3CDB5520-EA93-44A7-8AF3-124E2F27D69E}.Debug|Any CPU.Build.0 = Debug|Any CPU
		{3CDB5520-EA93-44A7-8AF3-124E2F27D69E}.Release|Any CPU.ActiveCfg = Release|Any CPU
		{3CDB5520-EA93-44A7-8AF3-124E2F27D69E}.Release|Any CPU.Build.0 = Release|Any CPU
	EndGlobalSection
	GlobalSection(SolutionProperties) = preSolution
		HideSolutionNode = FALSE
	EndGlobalSection
	GlobalSection(ExtensibilityGlobals) = postSolution
		SolutionGuid = {54817C33-ECA5-48DB-A7B3-191AAB047F7A}
	EndGlobalSection
EndGlobal
